
Microsoft Visual Studio Solution File, Format Version 12.00
# Visual Studio 2012
Project("{FAE04EC0-301F-11D3-BF4B-00C04F79EFBC}") = "TareaTablas", "TareaTablas\TareaTablas.csproj", "{0C248AEA-1F07-4BE2-BAA3-34B24F3C32F7}"
EndProject
Global
	GlobalSection(SolutionConfigurationPlatforms) = preSolution
		Debug|iPhoneSimulator = Debug|iPhoneSimulator
		Release|iPhone = Release|iPhone
		Release|iPhoneSimulator = Release|iPhoneSimulator
		Debug|iPhone = Debug|iPhone
	EndGlobalSection
	GlobalSection(ProjectConfigurationPlatforms) = postSolution
		{0C248AEA-1F07-4BE2-BAA3-34B24F3C32F7}.Debug|iPhoneSimulator.ActiveCfg = Debug|iPhoneSimulator
		{0C248AEA-1F07-4BE2-BAA3-34B24F3C32F7}.Debug|iPhoneSimulator.Build.0 = Debug|iPhoneSimulator
		{0C248AEA-1F07-4BE2-BAA3-34B24F3C32F7}.Release|iPhone.ActiveCfg = Release|iPhone
		{0C248AEA-1F07-4BE2-BAA3-34B24F3C32F7}.Release|iPhone.Build.0 = Release|iPhone
		{0C248AEA-1F07-4BE2-BAA3-34B24F3C32F7}.Release|iPhoneSimulator.ActiveCfg = Release|iPhoneSimulator
		{0C248AEA-1F07-4BE2-BAA3-34B24F3C32F7}.Release|iPhoneSimulator.Build.0 = Release|iPhoneSimulator
		{0C248AEA-1F07-4BE2-BAA3-34B24F3C32F7}.Debug|iPhone.ActiveCfg = Debug|iPhone
		{0C248AEA-1F07-4BE2-BAA3-34B24F3C32F7}.Debug|iPhone.Build.0 = Debug|iPhone
	EndGlobalSection
EndGlobal
