
Microsoft Visual Studio Solution File, Format Version 12.00
# Visual Studio 2012
Project("{FAE04EC0-301F-11D3-BF4B-00C04F79EFBC}") = "ExamenParcial2", "ExamenParcial2\ExamenParcial2.csproj", "{BEDD45BF-D9AC-4D75-B231-790D1E135774}"
EndProject
Global
	GlobalSection(SolutionConfigurationPlatforms) = preSolution
		Debug|iPhoneSimulator = Debug|iPhoneSimulator
		Release|iPhone = Release|iPhone
		Release|iPhoneSimulator = Release|iPhoneSimulator
		Debug|iPhone = Debug|iPhone
	EndGlobalSection
	GlobalSection(ProjectConfigurationPlatforms) = postSolution
		{BEDD45BF-D9AC-4D75-B231-790D1E135774}.Debug|iPhoneSimulator.ActiveCfg = Debug|iPhoneSimulator
		{BEDD45BF-D9AC-4D75-B231-790D1E135774}.Debug|iPhoneSimulator.Build.0 = Debug|iPhoneSimulator
		{BEDD45BF-D9AC-4D75-B231-790D1E135774}.Release|iPhone.ActiveCfg = Release|iPhone
		{BEDD45BF-D9AC-4D75-B231-790D1E135774}.Release|iPhone.Build.0 = Release|iPhone
		{BEDD45BF-D9AC-4D75-B231-790D1E135774}.Release|iPhoneSimulator.ActiveCfg = Release|iPhoneSimulator
		{BEDD45BF-D9AC-4D75-B231-790D1E135774}.Release|iPhoneSimulator.Build.0 = Release|iPhoneSimulator
		{BEDD45BF-D9AC-4D75-B231-790D1E135774}.Debug|iPhone.ActiveCfg = Debug|iPhone
		{BEDD45BF-D9AC-4D75-B231-790D1E135774}.Debug|iPhone.Build.0 = Debug|iPhone
	EndGlobalSection
EndGlobal
